// !$*UTF8*$!
{
	archiveVersion = 1;
	classes = {
	};
	objectVersion = 51;
	objects = {

/* Begin PBXBuildFile section */
		2072E7EE435C0FA1E7C2861A /* Pods_GithubUsers.framework in Frameworks */ = {isa = PBXBuildFile; fileRef = 1313CBC7ACEEF3BD622668DA /* Pods_GithubUsers.framework */; };
		4334615B2645A5330085FDA3 /* AppDelegate.swift in Sources */ = {isa = PBXBuildFile; fileRef = 4334615A2645A5330085FDA3 /* AppDelegate.swift */; };
		4334615D2645A5330085FDA3 /* SceneDelegate.swift in Sources */ = {isa = PBXBuildFile; fileRef = 4334615C2645A5330085FDA3 /* SceneDelegate.swift */; };
		4334615F2645A5330085FDA3 /* ViewController.swift in Sources */ = {isa = PBXBuildFile; fileRef = 4334615E2645A5330085FDA3 /* ViewController.swift */; };
		433461622645A5330085FDA3 /* Main.storyboard in Resources */ = {isa = PBXBuildFile; fileRef = 433461602645A5330085FDA3 /* Main.storyboard */; };
		433461652645A5330085FDA3 /* GithubUsers.xcdatamodeld in Sources */ = {isa = PBXBuildFile; fileRef = 433461632645A5330085FDA3 /* GithubUsers.xcdatamodeld */; };
		433461672645A5360085FDA3 /* Assets.xcassets in Resources */ = {isa = PBXBuildFile; fileRef = 433461662645A5360085FDA3 /* Assets.xcassets */; };
		4334616A2645A5360085FDA3 /* LaunchScreen.storyboard in Resources */ = {isa = PBXBuildFile; fileRef = 433461682645A5360085FDA3 /* LaunchScreen.storyboard */; };
		433461752645A5370085FDA3 /* GithubUsersTests.swift in Sources */ = {isa = PBXBuildFile; fileRef = 433461742645A5370085FDA3 /* GithubUsersTests.swift */; };
		433461802645A5370085FDA3 /* GithubUsersUITests.swift in Sources */ = {isa = PBXBuildFile; fileRef = 4334617F2645A5370085FDA3 /* GithubUsersUITests.swift */; };
		433461942645C0580085FDA3 /* APITests.swift in Sources */ = {isa = PBXBuildFile; fileRef = 4334618D2645AC630085FDA3 /* APITests.swift */; };
		43346197264691A80085FDA3 /* NetworkClientProtocol.swift in Sources */ = {isa = PBXBuildFile; fileRef = 43346196264691A80085FDA3 /* NetworkClientProtocol.swift */; };
		433461992646926E0085FDA3 /* NetworkClient.swift in Sources */ = {isa = PBXBuildFile; fileRef = 433461982646926E0085FDA3 /* NetworkClient.swift */; };
		4334619C264694050085FDA3 /* EndpointPlugin.swift in Sources */ = {isa = PBXBuildFile; fileRef = 4334619B264694050085FDA3 /* EndpointPlugin.swift */; };
		433461A4264696D00085FDA3 /* User.swift in Sources */ = {isa = PBXBuildFile; fileRef = 433461A3264696D00085FDA3 /* User.swift */; };
		433461A7264698A40085FDA3 /* UserRepository.swift in Sources */ = {isa = PBXBuildFile; fileRef = 433461A6264698A40085FDA3 /* UserRepository.swift */; };
		433461AD26491B970085FDA3 /* NormalCellView.swift in Sources */ = {isa = PBXBuildFile; fileRef = 433461AB26491B970085FDA3 /* NormalCellView.swift */; };
		433461AE26491B970085FDA3 /* NormalCellView.xib in Resources */ = {isa = PBXBuildFile; fileRef = 433461AC26491B970085FDA3 /* NormalCellView.xib */; };
		433461B226491FE10085FDA3 /* NoteCellsView.swift in Sources */ = {isa = PBXBuildFile; fileRef = 433461B026491FE10085FDA3 /* NoteCellsView.swift */; };
		433461B326491FE10085FDA3 /* NoteCellsView.xib in Resources */ = {isa = PBXBuildFile; fileRef = 433461B126491FE10085FDA3 /* NoteCellsView.xib */; };
		433461B72649233B0085FDA3 /* InvertedcellsView.swift in Sources */ = {isa = PBXBuildFile; fileRef = 433461B52649233B0085FDA3 /* InvertedcellsView.swift */; };
		433461B82649233B0085FDA3 /* InvertedcellsView.xib in Resources */ = {isa = PBXBuildFile; fileRef = 433461B62649233B0085FDA3 /* InvertedcellsView.xib */; };
		433461BB264941DD0085FDA3 /* Array.swift in Sources */ = {isa = PBXBuildFile; fileRef = 433461BA264941DD0085FDA3 /* Array.swift */; };
		433461BD26495BEE0085FDA3 /* ImageView.swift in Sources */ = {isa = PBXBuildFile; fileRef = 433461BC26495BEE0085FDA3 /* ImageView.swift */; };
		433461C02649A9BA0085FDA3 /* CustomElementType.swift in Sources */ = {isa = PBXBuildFile; fileRef = 433461BF2649A9BA0085FDA3 /* CustomElementType.swift */; };
		433461C42649B2860085FDA3 /* DetailsViewController.swift in Sources */ = {isa = PBXBuildFile; fileRef = 433461C32649B2860085FDA3 /* DetailsViewController.swift */; };
		433461CC2649EC2D0085FDA3 /* UIView + Extension.swift in Sources */ = {isa = PBXBuildFile; fileRef = 433461CB2649EC2D0085FDA3 /* UIView + Extension.swift */; };
		E7B2670507F69EC467D58E94 /* Pods_GithubUsers_GithubUsersUITests.framework in Frameworks */ = {isa = PBXBuildFile; fileRef = C732AB67ED8F1F644B271668 /* Pods_GithubUsers_GithubUsersUITests.framework */; };
		F8E3D60DB8B927367A72CE8E /* Pods_GithubUsersTests.framework in Frameworks */ = {isa = PBXBuildFile; fileRef = 465823D63F8EFFB27F3B99D0 /* Pods_GithubUsersTests.framework */; };
/* End PBXBuildFile section */

/* Begin PBXContainerItemProxy section */
		433461712645A5370085FDA3 /* PBXContainerItemProxy */ = {
			isa = PBXContainerItemProxy;
			containerPortal = 4334614F2645A5330085FDA3 /* Project object */;
			proxyType = 1;
			remoteGlobalIDString = 433461562645A5330085FDA3;
			remoteInfo = GithubUsers;
		};
		4334617C2645A5370085FDA3 /* PBXContainerItemProxy */ = {
			isa = PBXContainerItemProxy;
			containerPortal = 4334614F2645A5330085FDA3 /* Project object */;
			proxyType = 1;
			remoteGlobalIDString = 433461562645A5330085FDA3;
			remoteInfo = GithubUsers;
		};
/* End PBXContainerItemProxy section */

/* Begin PBXFileReference section */
		1313CBC7ACEEF3BD622668DA /* Pods_GithubUsers.framework */ = {isa = PBXFileReference; explicitFileType = wrapper.framework; includeInIndex = 0; path = Pods_GithubUsers.framework; sourceTree = BUILT_PRODUCTS_DIR; };
		3F67EE281A6CBD8FE75A419F /* Pods-GithubUsersTests.debug.xcconfig */ = {isa = PBXFileReference; includeInIndex = 1; lastKnownFileType = text.xcconfig; name = "Pods-GithubUsersTests.debug.xcconfig"; path = "Target Support Files/Pods-GithubUsersTests/Pods-GithubUsersTests.debug.xcconfig"; sourceTree = "<group>"; };
		433461572645A5330085FDA3 /* GithubUsers.app */ = {isa = PBXFileReference; explicitFileType = wrapper.application; includeInIndex = 0; path = GithubUsers.app; sourceTree = BUILT_PRODUCTS_DIR; };
		4334615A2645A5330085FDA3 /* AppDelegate.swift */ = {isa = PBXFileReference; lastKnownFileType = sourcecode.swift; path = AppDelegate.swift; sourceTree = "<group>"; };
		4334615C2645A5330085FDA3 /* SceneDelegate.swift */ = {isa = PBXFileReference; lastKnownFileType = sourcecode.swift; path = SceneDelegate.swift; sourceTree = "<group>"; };
		4334615E2645A5330085FDA3 /* ViewController.swift */ = {isa = PBXFileReference; lastKnownFileType = sourcecode.swift; path = ViewController.swift; sourceTree = "<group>"; };
		433461612645A5330085FDA3 /* Base */ = {isa = PBXFileReference; lastKnownFileType = file.storyboard; name = Base; path = Base.lproj/Main.storyboard; sourceTree = "<group>"; };
		433461642645A5330085FDA3 /* GithubUsers.xcdatamodel */ = {isa = PBXFileReference; lastKnownFileType = wrapper.xcdatamodel; path = GithubUsers.xcdatamodel; sourceTree = "<group>"; };
		433461662645A5360085FDA3 /* Assets.xcassets */ = {isa = PBXFileReference; lastKnownFileType = folder.assetcatalog; path = Assets.xcassets; sourceTree = "<group>"; };
		433461692645A5360085FDA3 /* Base */ = {isa = PBXFileReference; lastKnownFileType = file.storyboard; name = Base; path = Base.lproj/LaunchScreen.storyboard; sourceTree = "<group>"; };
		4334616B2645A5360085FDA3 /* Info.plist */ = {isa = PBXFileReference; lastKnownFileType = text.plist.xml; path = Info.plist; sourceTree = "<group>"; };
		433461702645A5370085FDA3 /* GithubUsersTests.xctest */ = {isa = PBXFileReference; explicitFileType = wrapper.cfbundle; includeInIndex = 0; path = GithubUsersTests.xctest; sourceTree = BUILT_PRODUCTS_DIR; };
		433461742645A5370085FDA3 /* GithubUsersTests.swift */ = {isa = PBXFileReference; lastKnownFileType = sourcecode.swift; path = GithubUsersTests.swift; sourceTree = "<group>"; };
		433461762645A5370085FDA3 /* Info.plist */ = {isa = PBXFileReference; lastKnownFileType = text.plist.xml; path = Info.plist; sourceTree = "<group>"; };
		4334617B2645A5370085FDA3 /* GithubUsersUITests.xctest */ = {isa = PBXFileReference; explicitFileType = wrapper.cfbundle; includeInIndex = 0; path = GithubUsersUITests.xctest; sourceTree = BUILT_PRODUCTS_DIR; };
		4334617F2645A5370085FDA3 /* GithubUsersUITests.swift */ = {isa = PBXFileReference; lastKnownFileType = sourcecode.swift; path = GithubUsersUITests.swift; sourceTree = "<group>"; };
		433461812645A5370085FDA3 /* Info.plist */ = {isa = PBXFileReference; lastKnownFileType = text.plist.xml; path = Info.plist; sourceTree = "<group>"; };
		4334618D2645AC630085FDA3 /* APITests.swift */ = {isa = PBXFileReference; lastKnownFileType = sourcecode.swift; path = APITests.swift; sourceTree = "<group>"; };
		43346196264691A80085FDA3 /* NetworkClientProtocol.swift */ = {isa = PBXFileReference; lastKnownFileType = sourcecode.swift; path = NetworkClientProtocol.swift; sourceTree = "<group>"; };
		433461982646926E0085FDA3 /* NetworkClient.swift */ = {isa = PBXFileReference; lastKnownFileType = sourcecode.swift; path = NetworkClient.swift; sourceTree = "<group>"; };
		4334619B264694050085FDA3 /* EndpointPlugin.swift */ = {isa = PBXFileReference; lastKnownFileType = sourcecode.swift; path = EndpointPlugin.swift; sourceTree = "<group>"; };
		433461A3264696D00085FDA3 /* User.swift */ = {isa = PBXFileReference; lastKnownFileType = sourcecode.swift; path = User.swift; sourceTree = "<group>"; };
		433461A6264698A40085FDA3 /* UserRepository.swift */ = {isa = PBXFileReference; lastKnownFileType = sourcecode.swift; path = UserRepository.swift; sourceTree = "<group>"; };
		433461AB26491B970085FDA3 /* NormalCellView.swift */ = {isa = PBXFileReference; lastKnownFileType = sourcecode.swift; path = NormalCellView.swift; sourceTree = "<group>"; };
		433461AC26491B970085FDA3 /* NormalCellView.xib */ = {isa = PBXFileReference; lastKnownFileType = file.xib; path = NormalCellView.xib; sourceTree = "<group>"; };
		433461B026491FE10085FDA3 /* NoteCellsView.swift */ = {isa = PBXFileReference; lastKnownFileType = sourcecode.swift; path = NoteCellsView.swift; sourceTree = "<group>"; };
		433461B126491FE10085FDA3 /* NoteCellsView.xib */ = {isa = PBXFileReference; lastKnownFileType = file.xib; path = NoteCellsView.xib; sourceTree = "<group>"; };
		433461B52649233B0085FDA3 /* InvertedcellsView.swift */ = {isa = PBXFileReference; lastKnownFileType = sourcecode.swift; path = InvertedcellsView.swift; sourceTree = "<group>"; };
		433461B62649233B0085FDA3 /* InvertedcellsView.xib */ = {isa = PBXFileReference; lastKnownFileType = file.xib; path = InvertedcellsView.xib; sourceTree = "<group>"; };
		433461BA264941DD0085FDA3 /* Array.swift */ = {isa = PBXFileReference; lastKnownFileType = sourcecode.swift; path = Array.swift; sourceTree = "<group>"; };
		433461BC26495BEE0085FDA3 /* ImageView.swift */ = {isa = PBXFileReference; lastKnownFileType = sourcecode.swift; path = ImageView.swift; sourceTree = "<group>"; };
		433461BF2649A9BA0085FDA3 /* CustomElementType.swift */ = {isa = PBXFileReference; lastKnownFileType = sourcecode.swift; path = CustomElementType.swift; sourceTree = "<group>"; };
		433461C32649B2860085FDA3 /* DetailsViewController.swift */ = {isa = PBXFileReference; lastKnownFileType = sourcecode.swift; path = DetailsViewController.swift; sourceTree = "<group>"; };
		433461CB2649EC2D0085FDA3 /* UIView + Extension.swift */ = {isa = PBXFileReference; lastKnownFileType = sourcecode.swift; path = "UIView + Extension.swift"; sourceTree = "<group>"; };
		465823D63F8EFFB27F3B99D0 /* Pods_GithubUsersTests.framework */ = {isa = PBXFileReference; explicitFileType = wrapper.framework; includeInIndex = 0; path = Pods_GithubUsersTests.framework; sourceTree = BUILT_PRODUCTS_DIR; };
		C020DBC2323B43938B31F065 /* Pods-GithubUsers.release.xcconfig */ = {isa = PBXFileReference; includeInIndex = 1; lastKnownFileType = text.xcconfig; name = "Pods-GithubUsers.release.xcconfig"; path = "Target Support Files/Pods-GithubUsers/Pods-GithubUsers.release.xcconfig"; sourceTree = "<group>"; };
		C732AB67ED8F1F644B271668 /* Pods_GithubUsers_GithubUsersUITests.framework */ = {isa = PBXFileReference; explicitFileType = wrapper.framework; includeInIndex = 0; path = Pods_GithubUsers_GithubUsersUITests.framework; sourceTree = BUILT_PRODUCTS_DIR; };
		D0C17D14DAA7D1CFEBA5833B /* Pods-GithubUsersTests.release.xcconfig */ = {isa = PBXFileReference; includeInIndex = 1; lastKnownFileType = text.xcconfig; name = "Pods-GithubUsersTests.release.xcconfig"; path = "Target Support Files/Pods-GithubUsersTests/Pods-GithubUsersTests.release.xcconfig"; sourceTree = "<group>"; };
		EAEC99004DE99ED8CB7907CD /* Pods-GithubUsers-GithubUsersUITests.release.xcconfig */ = {isa = PBXFileReference; includeInIndex = 1; lastKnownFileType = text.xcconfig; name = "Pods-GithubUsers-GithubUsersUITests.release.xcconfig"; path = "Target Support Files/Pods-GithubUsers-GithubUsersUITests/Pods-GithubUsers-GithubUsersUITests.release.xcconfig"; sourceTree = "<group>"; };
		F3A2152CA2B85CC412403320 /* Pods-GithubUsers.debug.xcconfig */ = {isa = PBXFileReference; includeInIndex = 1; lastKnownFileType = text.xcconfig; name = "Pods-GithubUsers.debug.xcconfig"; path = "Target Support Files/Pods-GithubUsers/Pods-GithubUsers.debug.xcconfig"; sourceTree = "<group>"; };
		FF7805DE82438176EA2F7B7C /* Pods-GithubUsers-GithubUsersUITests.debug.xcconfig */ = {isa = PBXFileReference; includeInIndex = 1; lastKnownFileType = text.xcconfig; name = "Pods-GithubUsers-GithubUsersUITests.debug.xcconfig"; path = "Target Support Files/Pods-GithubUsers-GithubUsersUITests/Pods-GithubUsers-GithubUsersUITests.debug.xcconfig"; sourceTree = "<group>"; };
/* End PBXFileReference section */

/* Begin PBXFrameworksBuildPhase section */
		433461542645A5330085FDA3 /* Frameworks */ = {
			isa = PBXFrameworksBuildPhase;
			buildActionMask = 2147483647;
			files = (
				2072E7EE435C0FA1E7C2861A /* Pods_GithubUsers.framework in Frameworks */,
			);
			runOnlyForDeploymentPostprocessing = 0;
		};
		4334616D2645A5370085FDA3 /* Frameworks */ = {
			isa = PBXFrameworksBuildPhase;
			buildActionMask = 2147483647;
			files = (
				F8E3D60DB8B927367A72CE8E /* Pods_GithubUsersTests.framework in Frameworks */,
			);
			runOnlyForDeploymentPostprocessing = 0;
		};
		433461782645A5370085FDA3 /* Frameworks */ = {
			isa = PBXFrameworksBuildPhase;
			buildActionMask = 2147483647;
			files = (
				E7B2670507F69EC467D58E94 /* Pods_GithubUsers_GithubUsersUITests.framework in Frameworks */,
			);
			runOnlyForDeploymentPostprocessing = 0;
		};
/* End PBXFrameworksBuildPhase section */

/* Begin PBXGroup section */
		18B5D7CFF09B2BC210B88632 /* Pods */ = {
			isa = PBXGroup;
			children = (
				F3A2152CA2B85CC412403320 /* Pods-GithubUsers.debug.xcconfig */,
				C020DBC2323B43938B31F065 /* Pods-GithubUsers.release.xcconfig */,
				FF7805DE82438176EA2F7B7C /* Pods-GithubUsers-GithubUsersUITests.debug.xcconfig */,
				EAEC99004DE99ED8CB7907CD /* Pods-GithubUsers-GithubUsersUITests.release.xcconfig */,
				3F67EE281A6CBD8FE75A419F /* Pods-GithubUsersTests.debug.xcconfig */,
				D0C17D14DAA7D1CFEBA5833B /* Pods-GithubUsersTests.release.xcconfig */,
			);
			path = Pods;
			sourceTree = "<group>";
		};
		2FBAE48A96CBE33AB5C4FC3F /* Frameworks */ = {
			isa = PBXGroup;
			children = (
				1313CBC7ACEEF3BD622668DA /* Pods_GithubUsers.framework */,
				C732AB67ED8F1F644B271668 /* Pods_GithubUsers_GithubUsersUITests.framework */,
				465823D63F8EFFB27F3B99D0 /* Pods_GithubUsersTests.framework */,
			);
			name = Frameworks;
			sourceTree = "<group>";
		};
		4334614E2645A5330085FDA3 = {
			isa = PBXGroup;
			children = (
				433461592645A5330085FDA3 /* GithubUsers */,
				433461732645A5370085FDA3 /* GithubUsersTests */,
				4334617E2645A5370085FDA3 /* GithubUsersUITests */,
				433461582645A5330085FDA3 /* Products */,
				18B5D7CFF09B2BC210B88632 /* Pods */,
				2FBAE48A96CBE33AB5C4FC3F /* Frameworks */,
			);
			sourceTree = "<group>";
		};
		433461582645A5330085FDA3 /* Products */ = {
			isa = PBXGroup;
			children = (
				433461572645A5330085FDA3 /* GithubUsers.app */,
				433461702645A5370085FDA3 /* GithubUsersTests.xctest */,
				4334617B2645A5370085FDA3 /* GithubUsersUITests.xctest */,
			);
			name = Products;
			sourceTree = "<group>";
		};
		433461592645A5330085FDA3 /* GithubUsers */ = {
			isa = PBXGroup;
			children = (
				433461C12649B2330085FDA3 /* Modules */,
				433461A826491B450085FDA3 /* Common */,
				433461902645BF460085FDA3 /* Networking */,
				4334618F2645BF370085FDA3 /* SupportingFiles */,
				433461682645A5360085FDA3 /* LaunchScreen.storyboard */,
			);
			path = GithubUsers;
			sourceTree = "<group>";
		};
		433461732645A5370085FDA3 /* GithubUsersTests */ = {
			isa = PBXGroup;
			children = (
				433461742645A5370085FDA3 /* GithubUsersTests.swift */,
				433461762645A5370085FDA3 /* Info.plist */,
				4334618D2645AC630085FDA3 /* APITests.swift */,
			);
			path = GithubUsersTests;
			sourceTree = "<group>";
		};
		4334617E2645A5370085FDA3 /* GithubUsersUITests */ = {
			isa = PBXGroup;
			children = (
				4334617F2645A5370085FDA3 /* GithubUsersUITests.swift */,
				433461812645A5370085FDA3 /* Info.plist */,
			);
			path = GithubUsersUITests;
			sourceTree = "<group>";
		};
		4334618F2645BF370085FDA3 /* SupportingFiles */ = {
			isa = PBXGroup;
			children = (
				4334615A2645A5330085FDA3 /* AppDelegate.swift */,
				4334615C2645A5330085FDA3 /* SceneDelegate.swift */,
				433461662645A5360085FDA3 /* Assets.xcassets */,
				4334616B2645A5360085FDA3 /* Info.plist */,
				433461632645A5330085FDA3 /* GithubUsers.xcdatamodeld */,
			);
			path = SupportingFiles;
			sourceTree = "<group>";
		};
		433461902645BF460085FDA3 /* Networking */ = {
			isa = PBXGroup;
			children = (
				433461A5264698720085FDA3 /* singletons */,
				4334619D264695940085FDA3 /* responses */,
				4334619A264693D60085FDA3 /* plugins */,
				43346195264691250085FDA3 /* protocol */,
				433461982646926E0085FDA3 /* NetworkClient.swift */,
			);
			path = Networking;
			sourceTree = "<group>";
		};
		43346195264691250085FDA3 /* protocol */ = {
			isa = PBXGroup;
			children = (
				43346196264691A80085FDA3 /* NetworkClientProtocol.swift */,
			);
			path = protocol;
			sourceTree = "<group>";
		};
		4334619A264693D60085FDA3 /* plugins */ = {
			isa = PBXGroup;
			children = (
				4334619B264694050085FDA3 /* EndpointPlugin.swift */,
			);
			path = plugins;
			sourceTree = "<group>";
		};
		4334619D264695940085FDA3 /* responses */ = {
			isa = PBXGroup;
			children = (
				433461A3264696D00085FDA3 /* User.swift */,
			);
			path = responses;
			sourceTree = "<group>";
		};
		433461A5264698720085FDA3 /* singletons */ = {
			isa = PBXGroup;
			children = (
				433461A6264698A40085FDA3 /* UserRepository.swift */,
			);
			path = singletons;
			sourceTree = "<group>";
		};
		433461A826491B450085FDA3 /* Common */ = {
			isa = PBXGroup;
			children = (
				433461BE2649A9AD0085FDA3 /* Protocols */,
				433461B9264941C80085FDA3 /* Extension */,
				433461A926491B530085FDA3 /* Cells */,
			);
			path = Common;
			sourceTree = "<group>";
		};
		433461A926491B530085FDA3 /* Cells */ = {
			isa = PBXGroup;
			children = (
				433461B42649231B0085FDA3 /* Inverted Cells */,
				433461AF26491E550085FDA3 /* Note Cells */,
				433461AA26491B760085FDA3 /* Normal Cells */,
			);
			path = Cells;
			sourceTree = "<group>";
		};
		433461AA26491B760085FDA3 /* Normal Cells */ = {
			isa = PBXGroup;
			children = (
				433461AB26491B970085FDA3 /* NormalCellView.swift */,
				433461AC26491B970085FDA3 /* NormalCellView.xib */,
			);
			path = "Normal Cells";
			sourceTree = "<group>";
		};
		433461AF26491E550085FDA3 /* Note Cells */ = {
			isa = PBXGroup;
			children = (
				433461B026491FE10085FDA3 /* NoteCellsView.swift */,
				433461B126491FE10085FDA3 /* NoteCellsView.xib */,
			);
			path = "Note Cells";
			sourceTree = "<group>";
		};
		433461B42649231B0085FDA3 /* Inverted Cells */ = {
			isa = PBXGroup;
			children = (
				433461B52649233B0085FDA3 /* InvertedcellsView.swift */,
				433461B62649233B0085FDA3 /* InvertedcellsView.xib */,
			);
			path = "Inverted Cells";
			sourceTree = "<group>";
		};
		433461B9264941C80085FDA3 /* Extension */ = {
			isa = PBXGroup;
			children = (
				433461BA264941DD0085FDA3 /* Array.swift */,
				433461BC26495BEE0085FDA3 /* ImageView.swift */,
				433461CB2649EC2D0085FDA3 /* UIView + Extension.swift */,
			);
			path = Extension;
			sourceTree = "<group>";
		};
		433461BE2649A9AD0085FDA3 /* Protocols */ = {
			isa = PBXGroup;
			children = (
				433461BF2649A9BA0085FDA3 /* CustomElementType.swift */,
			);
			path = Protocols;
			sourceTree = "<group>";
		};
		433461C12649B2330085FDA3 /* Modules */ = {
			isa = PBXGroup;
			children = (
				433461C22649B2520085FDA3 /* Details View */,
				4334615E2645A5330085FDA3 /* ViewController.swift */,
				433461602645A5330085FDA3 /* Main.storyboard */,
			);
			path = Modules;
			sourceTree = "<group>";
		};
		433461C22649B2520085FDA3 /* Details View */ = {
			isa = PBXGroup;
			children = (
				433461C32649B2860085FDA3 /* DetailsViewController.swift */,
			);
			path = "Details View";
			sourceTree = "<group>";
		};
/* End PBXGroup section */

/* Begin PBXNativeTarget section */
		433461562645A5330085FDA3 /* GithubUsers */ = {
			isa = PBXNativeTarget;
			buildConfigurationList = 433461842645A5370085FDA3 /* Build configuration list for PBXNativeTarget "GithubUsers" */;
			buildPhases = (
				23D35BC7587DBA6282D96570 /* [CP] Check Pods Manifest.lock */,
				433461532645A5330085FDA3 /* Sources */,
				433461542645A5330085FDA3 /* Frameworks */,
				433461552645A5330085FDA3 /* Resources */,
				B6D7BE9742C49962B16ED0C0 /* [CP] Embed Pods Frameworks */,
			);
			buildRules = (
			);
			dependencies = (
			);
			name = GithubUsers;
			productName = GithubUsers;
			productReference = 433461572645A5330085FDA3 /* GithubUsers.app */;
			productType = "com.apple.product-type.application";
		};
		4334616F2645A5370085FDA3 /* GithubUsersTests */ = {
			isa = PBXNativeTarget;
			buildConfigurationList = 433461872645A5370085FDA3 /* Build configuration list for PBXNativeTarget "GithubUsersTests" */;
			buildPhases = (
				BFCF824C7D0DAF2DE33506D0 /* [CP] Check Pods Manifest.lock */,
				4334616C2645A5370085FDA3 /* Sources */,
				4334616D2645A5370085FDA3 /* Frameworks */,
				4334616E2645A5370085FDA3 /* Resources */,
			);
			buildRules = (
			);
			dependencies = (
				433461722645A5370085FDA3 /* PBXTargetDependency */,
			);
			name = GithubUsersTests;
			productName = GithubUsersTests;
			productReference = 433461702645A5370085FDA3 /* GithubUsersTests.xctest */;
			productType = "com.apple.product-type.bundle.unit-test";
		};
		4334617A2645A5370085FDA3 /* GithubUsersUITests */ = {
			isa = PBXNativeTarget;
			buildConfigurationList = 4334618A2645A5370085FDA3 /* Build configuration list for PBXNativeTarget "GithubUsersUITests" */;
			buildPhases = (
				4B89411C41D30D50DFEE731D /* [CP] Check Pods Manifest.lock */,
				433461772645A5370085FDA3 /* Sources */,
				433461782645A5370085FDA3 /* Frameworks */,
				433461792645A5370085FDA3 /* Resources */,
				88192EAF87B64AB922BEEA46 /* [CP] Embed Pods Frameworks */,
			);
			buildRules = (
			);
			dependencies = (
				4334617D2645A5370085FDA3 /* PBXTargetDependency */,
			);
			name = GithubUsersUITests;
			productName = GithubUsersUITests;
			productReference = 4334617B2645A5370085FDA3 /* GithubUsersUITests.xctest */;
			productType = "com.apple.product-type.bundle.ui-testing";
		};
/* End PBXNativeTarget section */

/* Begin PBXProject section */
		4334614F2645A5330085FDA3 /* Project object */ = {
			isa = PBXProject;
			attributes = {
				LastSwiftUpdateCheck = 1140;
				LastUpgradeCheck = 1140;
				ORGANIZATIONNAME = "Kevin Siundu";
				TargetAttributes = {
					433461562645A5330085FDA3 = {
						CreatedOnToolsVersion = 11.4.1;
					};
					4334616F2645A5370085FDA3 = {
						CreatedOnToolsVersion = 11.4.1;
						TestTargetID = 433461562645A5330085FDA3;
					};
					4334617A2645A5370085FDA3 = {
						CreatedOnToolsVersion = 11.4.1;
						TestTargetID = 433461562645A5330085FDA3;
					};
				};
			};
			buildConfigurationList = 433461522645A5330085FDA3 /* Build configuration list for PBXProject "GithubUsers" */;
			compatibilityVersion = "Xcode 9.3";
			developmentRegion = en;
			hasScannedForEncodings = 0;
			knownRegions = (
				en,
				Base,
			);
			mainGroup = 4334614E2645A5330085FDA3;
			productRefGroup = 433461582645A5330085FDA3 /* Products */;
			projectDirPath = "";
			projectRoot = "";
			targets = (
				433461562645A5330085FDA3 /* GithubUsers */,
				4334616F2645A5370085FDA3 /* GithubUsersTests */,
				4334617A2645A5370085FDA3 /* GithubUsersUITests */,
			);
		};
/* End PBXProject section */

/* Begin PBXResourcesBuildPhase section */
		433461552645A5330085FDA3 /* Resources */ = {
			isa = PBXResourcesBuildPhase;
			buildActionMask = 2147483647;
			files = (
				4334616A2645A5360085FDA3 /* LaunchScreen.storyboard in Resources */,
				433461B82649233B0085FDA3 /* InvertedcellsView.xib in Resources */,
				433461672645A5360085FDA3 /* Assets.xcassets in Resources */,
				433461B326491FE10085FDA3 /* NoteCellsView.xib in Resources */,
				433461622645A5330085FDA3 /* Main.storyboard in Resources */,
				433461AE26491B970085FDA3 /* NormalCellView.xib in Resources */,
			);
			runOnlyForDeploymentPostprocessing = 0;
		};
		4334616E2645A5370085FDA3 /* Resources */ = {
			isa = PBXResourcesBuildPhase;
			buildActionMask = 2147483647;
			files = (
			);
			runOnlyForDeploymentPostprocessing = 0;
		};
		433461792645A5370085FDA3 /* Resources */ = {
			isa = PBXResourcesBuildPhase;
			buildActionMask = 2147483647;
			files = (
			);
			runOnlyForDeploymentPostprocessing = 0;
		};
/* End PBXResourcesBuildPhase section */

/* Begin PBXShellScriptBuildPhase section */
		23D35BC7587DBA6282D96570 /* [CP] Check Pods Manifest.lock */ = {
			isa = PBXShellScriptBuildPhase;
			buildActionMask = 2147483647;
			files = (
			);
			inputFileListPaths = (
			);
			inputPaths = (
				"${PODS_PODFILE_DIR_PATH}/Podfile.lock",
				"${PODS_ROOT}/Manifest.lock",
			);
			name = "[CP] Check Pods Manifest.lock";
			outputFileListPaths = (
			);
			outputPaths = (
				"$(DERIVED_FILE_DIR)/Pods-GithubUsers-checkManifestLockResult.txt",
			);
			runOnlyForDeploymentPostprocessing = 0;
			shellPath = /bin/sh;
			shellScript = "diff \"${PODS_PODFILE_DIR_PATH}/Podfile.lock\" \"${PODS_ROOT}/Manifest.lock\" > /dev/null\nif [ $? != 0 ] ; then\n    # print error to STDERR\n    echo \"error: The sandbox is not in sync with the Podfile.lock. Run 'pod install' or update your CocoaPods installation.\" >&2\n    exit 1\nfi\n# This output is used by Xcode 'outputs' to avoid re-running this script phase.\necho \"SUCCESS\" > \"${SCRIPT_OUTPUT_FILE_0}\"\n";
			showEnvVarsInLog = 0;
		};
		4B89411C41D30D50DFEE731D /* [CP] Check Pods Manifest.lock */ = {
			isa = PBXShellScriptBuildPhase;
			buildActionMask = 2147483647;
			files = (
			);
			inputFileListPaths = (
			);
			inputPaths = (
				"${PODS_PODFILE_DIR_PATH}/Podfile.lock",
				"${PODS_ROOT}/Manifest.lock",
			);
			name = "[CP] Check Pods Manifest.lock";
			outputFileListPaths = (
			);
			outputPaths = (
				"$(DERIVED_FILE_DIR)/Pods-GithubUsers-GithubUsersUITests-checkManifestLockResult.txt",
			);
			runOnlyForDeploymentPostprocessing = 0;
			shellPath = /bin/sh;
			shellScript = "diff \"${PODS_PODFILE_DIR_PATH}/Podfile.lock\" \"${PODS_ROOT}/Manifest.lock\" > /dev/null\nif [ $? != 0 ] ; then\n    # print error to STDERR\n    echo \"error: The sandbox is not in sync with the Podfile.lock. Run 'pod install' or update your CocoaPods installation.\" >&2\n    exit 1\nfi\n# This output is used by Xcode 'outputs' to avoid re-running this script phase.\necho \"SUCCESS\" > \"${SCRIPT_OUTPUT_FILE_0}\"\n";
			showEnvVarsInLog = 0;
		};
		88192EAF87B64AB922BEEA46 /* [CP] Embed Pods Frameworks */ = {
			isa = PBXShellScriptBuildPhase;
			buildActionMask = 2147483647;
			files = (
			);
			inputFileListPaths = (
				"${PODS_ROOT}/Target Support Files/Pods-GithubUsers-GithubUsersUITests/Pods-GithubUsers-GithubUsersUITests-frameworks-${CONFIGURATION}-input-files.xcfilelist",
			);
			name = "[CP] Embed Pods Frameworks";
			outputFileListPaths = (
				"${PODS_ROOT}/Target Support Files/Pods-GithubUsers-GithubUsersUITests/Pods-GithubUsers-GithubUsersUITests-frameworks-${CONFIGURATION}-output-files.xcfilelist",
			);
			runOnlyForDeploymentPostprocessing = 0;
			shellPath = /bin/sh;
			shellScript = "\"${PODS_ROOT}/Target Support Files/Pods-GithubUsers-GithubUsersUITests/Pods-GithubUsers-GithubUsersUITests-frameworks.sh\"\n";
			showEnvVarsInLog = 0;
		};
		B6D7BE9742C49962B16ED0C0 /* [CP] Embed Pods Frameworks */ = {
			isa = PBXShellScriptBuildPhase;
			buildActionMask = 2147483647;
			files = (
			);
			inputFileListPaths = (
				"${PODS_ROOT}/Target Support Files/Pods-GithubUsers/Pods-GithubUsers-frameworks-${CONFIGURATION}-input-files.xcfilelist",
			);
			name = "[CP] Embed Pods Frameworks";
			outputFileListPaths = (
				"${PODS_ROOT}/Target Support Files/Pods-GithubUsers/Pods-GithubUsers-frameworks-${CONFIGURATION}-output-files.xcfilelist",
			);
			runOnlyForDeploymentPostprocessing = 0;
			shellPath = /bin/sh;
			shellScript = "\"${PODS_ROOT}/Target Support Files/Pods-GithubUsers/Pods-GithubUsers-frameworks.sh\"\n";
			showEnvVarsInLog = 0;
		};
		BFCF824C7D0DAF2DE33506D0 /* [CP] Check Pods Manifest.lock */ = {
			isa = PBXShellScriptBuildPhase;
			buildActionMask = 2147483647;
			files = (
			);
			inputFileListPaths = (
			);
			inputPaths = (
				"${PODS_PODFILE_DIR_PATH}/Podfile.lock",
				"${PODS_ROOT}/Manifest.lock",
			);
			name = "[CP] Check Pods Manifest.lock";
			outputFileListPaths = (
			);
			outputPaths = (
				"$(DERIVED_FILE_DIR)/Pods-GithubUsersTests-checkManifestLockResult.txt",
			);
			runOnlyForDeploymentPostprocessing = 0;
			shellPath = /bin/sh;
			shellScript = "diff \"${PODS_PODFILE_DIR_PATH}/Podfile.lock\" \"${PODS_ROOT}/Manifest.lock\" > /dev/null\nif [ $? != 0 ] ; then\n    # print error to STDERR\n    echo \"error: The sandbox is not in sync with the Podfile.lock. Run 'pod install' or update your CocoaPods installation.\" >&2\n    exit 1\nfi\n# This output is used by Xcode 'outputs' to avoid re-running this script phase.\necho \"SUCCESS\" > \"${SCRIPT_OUTPUT_FILE_0}\"\n";
			showEnvVarsInLog = 0;
		};
/* End PBXShellScriptBuildPhase section */

/* Begin PBXSourcesBuildPhase section */
		433461532645A5330085FDA3 /* Sources */ = {
			isa = PBXSourcesBuildPhase;
			buildActionMask = 2147483647;
			files = (
				433461A4264696D00085FDA3 /* User.swift in Sources */,
				4334619C264694050085FDA3 /* EndpointPlugin.swift in Sources */,
				433461A7264698A40085FDA3 /* UserRepository.swift in Sources */,
				4334615F2645A5330085FDA3 /* ViewController.swift in Sources */,
				433461652645A5330085FDA3 /* GithubUsers.xcdatamodeld in Sources */,
				4334615B2645A5330085FDA3 /* AppDelegate.swift in Sources */,
				433461B226491FE10085FDA3 /* NoteCellsView.swift in Sources */,
				4334615D2645A5330085FDA3 /* SceneDelegate.swift in Sources */,
				433461CC2649EC2D0085FDA3 /* UIView + Extension.swift in Sources */,
				433461AD26491B970085FDA3 /* NormalCellView.swift in Sources */,
				433461BB264941DD0085FDA3 /* Array.swift in Sources */,
				433461B72649233B0085FDA3 /* InvertedcellsView.swift in Sources */,
				433461C42649B2860085FDA3 /* DetailsViewController.swift in Sources */,
				43346197264691A80085FDA3 /* NetworkClientProtocol.swift in Sources */,
				433461BD26495BEE0085FDA3 /* ImageView.swift in Sources */,
				433461992646926E0085FDA3 /* NetworkClient.swift in Sources */,
				433461C02649A9BA0085FDA3 /* CustomElementType.swift in Sources */,
			);
			runOnlyForDeploymentPostprocessing = 0;
		};
		4334616C2645A5370085FDA3 /* Sources */ = {
			isa = PBXSourcesBuildPhase;
			buildActionMask = 2147483647;
			files = (
				433461942645C0580085FDA3 /* APITests.swift in Sources */,
				433461752645A5370085FDA3 /* GithubUsersTests.swift in Sources */,
			);
			runOnlyForDeploymentPostprocessing = 0;
		};
		433461772645A5370085FDA3 /* Sources */ = {
			isa = PBXSourcesBuildPhase;
			buildActionMask = 2147483647;
			files = (
				433461802645A5370085FDA3 /* GithubUsersUITests.swift in Sources */,
			);
			runOnlyForDeploymentPostprocessing = 0;
		};
/* End PBXSourcesBuildPhase section */

/* Begin PBXTargetDependency section */
		433461722645A5370085FDA3 /* PBXTargetDependency */ = {
			isa = PBXTargetDependency;
			target = 433461562645A5330085FDA3 /* GithubUsers */;
			targetProxy = 433461712645A5370085FDA3 /* PBXContainerItemProxy */;
		};
		4334617D2645A5370085FDA3 /* PBXTargetDependency */ = {
			isa = PBXTargetDependency;
			target = 433461562645A5330085FDA3 /* GithubUsers */;
			targetProxy = 4334617C2645A5370085FDA3 /* PBXContainerItemProxy */;
		};
/* End PBXTargetDependency section */

/* Begin PBXVariantGroup section */
		433461602645A5330085FDA3 /* Main.storyboard */ = {
			isa = PBXVariantGroup;
			children = (
				433461612645A5330085FDA3 /* Base */,
			);
			name = Main.storyboard;
			sourceTree = "<group>";
		};
		433461682645A5360085FDA3 /* LaunchScreen.storyboard */ = {
			isa = PBXVariantGroup;
			children = (
				433461692645A5360085FDA3 /* Base */,
			);
			name = LaunchScreen.storyboard;
			sourceTree = "<group>";
		};
/* End PBXVariantGroup section */

/* Begin XCBuildConfiguration section */
		433461822645A5370085FDA3 /* Debug */ = {
			isa = XCBuildConfiguration;
			buildSettings = {
				ALWAYS_SEARCH_USER_PATHS = NO;
				CLANG_ANALYZER_NONNULL = YES;
				CLANG_ANALYZER_NUMBER_OBJECT_CONVERSION = YES_AGGRESSIVE;
				CLANG_CXX_LANGUAGE_STANDARD = "gnu++14";
				CLANG_CXX_LIBRARY = "libc++";
				CLANG_ENABLE_MODULES = YES;
				CLANG_ENABLE_OBJC_ARC = YES;
				CLANG_ENABLE_OBJC_WEAK = YES;
				CLANG_WARN_BLOCK_CAPTURE_AUTORELEASING = YES;
				CLANG_WARN_BOOL_CONVERSION = YES;
				CLANG_WARN_COMMA = YES;
				CLANG_WARN_CONSTANT_CONVERSION = YES;
				CLANG_WARN_DEPRECATED_OBJC_IMPLEMENTATIONS = YES;
				CLANG_WARN_DIRECT_OBJC_ISA_USAGE = YES_ERROR;
				CLANG_WARN_DOCUMENTATION_COMMENTS = YES;
				CLANG_WARN_EMPTY_BODY = YES;
				CLANG_WARN_ENUM_CONVERSION = YES;
				CLANG_WARN_INFINITE_RECURSION = YES;
				CLANG_WARN_INT_CONVERSION = YES;
				CLANG_WARN_NON_LITERAL_NULL_CONVERSION = YES;
				CLANG_WARN_OBJC_IMPLICIT_RETAIN_SELF = YES;
				CLANG_WARN_OBJC_LITERAL_CONVERSION = YES;
				CLANG_WARN_OBJC_ROOT_CLASS = YES_ERROR;
				CLANG_WARN_RANGE_LOOP_ANALYSIS = YES;
				CLANG_WARN_STRICT_PROTOTYPES = YES;
				CLANG_WARN_SUSPICIOUS_MOVE = YES;
				CLANG_WARN_UNGUARDED_AVAILABILITY = YES_AGGRESSIVE;
				CLANG_WARN_UNREACHABLE_CODE = YES;
				CLANG_WARN__DUPLICATE_METHOD_MATCH = YES;
				COPY_PHASE_STRIP = NO;
				DEBUG_INFORMATION_FORMAT = dwarf;
				ENABLE_STRICT_OBJC_MSGSEND = YES;
				ENABLE_TESTABILITY = YES;
				GCC_C_LANGUAGE_STANDARD = gnu11;
				GCC_DYNAMIC_NO_PIC = NO;
				GCC_NO_COMMON_BLOCKS = YES;
				GCC_OPTIMIZATION_LEVEL = 0;
				GCC_PREPROCESSOR_DEFINITIONS = (
					"DEBUG=1",
					"$(inherited)",
				);
				GCC_WARN_64_TO_32_BIT_CONVERSION = YES;
				GCC_WARN_ABOUT_RETURN_TYPE = YES_ERROR;
				GCC_WARN_UNDECLARED_SELECTOR = YES;
				GCC_WARN_UNINITIALIZED_AUTOS = YES_AGGRESSIVE;
				GCC_WARN_UNUSED_FUNCTION = YES;
				GCC_WARN_UNUSED_VARIABLE = YES;
				IPHONEOS_DEPLOYMENT_TARGET = 13.4;
				MTL_ENABLE_DEBUG_INFO = INCLUDE_SOURCE;
				MTL_FAST_MATH = YES;
				ONLY_ACTIVE_ARCH = YES;
				SDKROOT = iphoneos;
				SWIFT_ACTIVE_COMPILATION_CONDITIONS = DEBUG;
				SWIFT_OPTIMIZATION_LEVEL = "-Onone";
			};
			name = Debug;
		};
		433461832645A5370085FDA3 /* Release */ = {
			isa = XCBuildConfiguration;
			buildSettings = {
				ALWAYS_SEARCH_USER_PATHS = NO;
				CLANG_ANALYZER_NONNULL = YES;
				CLANG_ANALYZER_NUMBER_OBJECT_CONVERSION = YES_AGGRESSIVE;
				CLANG_CXX_LANGUAGE_STANDARD = "gnu++14";
				CLANG_CXX_LIBRARY = "libc++";
				CLANG_ENABLE_MODULES = YES;
				CLANG_ENABLE_OBJC_ARC = YES;
				CLANG_ENABLE_OBJC_WEAK = YES;
				CLANG_WARN_BLOCK_CAPTURE_AUTORELEASING = YES;
				CLANG_WARN_BOOL_CONVERSION = YES;
				CLANG_WARN_COMMA = YES;
				CLANG_WARN_CONSTANT_CONVERSION = YES;
				CLANG_WARN_DEPRECATED_OBJC_IMPLEMENTATIONS = YES;
				CLANG_WARN_DIRECT_OBJC_ISA_USAGE = YES_ERROR;
				CLANG_WARN_DOCUMENTATION_COMMENTS = YES;
				CLANG_WARN_EMPTY_BODY = YES;
				CLANG_WARN_ENUM_CONVERSION = YES;
				CLANG_WARN_INFINITE_RECURSION = YES;
				CLANG_WARN_INT_CONVERSION = YES;
				CLANG_WARN_NON_LITERAL_NULL_CONVERSION = YES;
				CLANG_WARN_OBJC_IMPLICIT_RETAIN_SELF = YES;
				CLANG_WARN_OBJC_LITERAL_CONVERSION = YES;
				CLANG_WARN_OBJC_ROOT_CLASS = YES_ERROR;
				CLANG_WARN_RANGE_LOOP_ANALYSIS = YES;
				CLANG_WARN_STRICT_PROTOTYPES = YES;
				CLANG_WARN_SUSPICIOUS_MOVE = YES;
				CLANG_WARN_UNGUARDED_AVAILABILITY = YES_AGGRESSIVE;
				CLANG_WARN_UNREACHABLE_CODE = YES;
				CLANG_WARN__DUPLICATE_METHOD_MATCH = YES;
				COPY_PHASE_STRIP = NO;
				DEBUG_INFORMATION_FORMAT = "dwarf-with-dsym";
				ENABLE_NS_ASSERTIONS = NO;
				ENABLE_STRICT_OBJC_MSGSEND = YES;
				GCC_C_LANGUAGE_STANDARD = gnu11;
				GCC_NO_COMMON_BLOCKS = YES;
				GCC_WARN_64_TO_32_BIT_CONVERSION = YES;
				GCC_WARN_ABOUT_RETURN_TYPE = YES_ERROR;
				GCC_WARN_UNDECLARED_SELECTOR = YES;
				GCC_WARN_UNINITIALIZED_AUTOS = YES_AGGRESSIVE;
				GCC_WARN_UNUSED_FUNCTION = YES;
				GCC_WARN_UNUSED_VARIABLE = YES;
				IPHONEOS_DEPLOYMENT_TARGET = 13.4;
				MTL_ENABLE_DEBUG_INFO = NO;
				MTL_FAST_MATH = YES;
				SDKROOT = iphoneos;
				SWIFT_COMPILATION_MODE = wholemodule;
				SWIFT_OPTIMIZATION_LEVEL = "-O";
				VALIDATE_PRODUCT = YES;
			};
			name = Release;
		};
		433461852645A5370085FDA3 /* Debug */ = {
			isa = XCBuildConfiguration;
			baseConfigurationReference = F3A2152CA2B85CC412403320 /* Pods-GithubUsers.debug.xcconfig */;
			buildSettings = {
				ASSETCATALOG_COMPILER_APPICON_NAME = AppIcon;
				CODE_SIGN_STYLE = Automatic;
				INFOPLIST_FILE = "$(SRCROOT)/GithubUsers/SupportingFiles/Info.plist";
				LD_RUNPATH_SEARCH_PATHS = (
					"$(inherited)",
					"@executable_path/Frameworks",
				);
				PRODUCT_BUNDLE_IDENTIFIER = com.example.GithubUsers;
				PRODUCT_NAME = "$(TARGET_NAME)";
				SWIFT_VERSION = 5.0;
				TARGETED_DEVICE_FAMILY = "1,2";
			};
			name = Debug;
		};
		433461862645A5370085FDA3 /* Release */ = {
			isa = XCBuildConfiguration;
			baseConfigurationReference = C020DBC2323B43938B31F065 /* Pods-GithubUsers.release.xcconfig */;
			buildSettings = {
				ASSETCATALOG_COMPILER_APPICON_NAME = AppIcon;
				CODE_SIGN_STYLE = Automatic;
				INFOPLIST_FILE = "$(SRCROOT)/GithubUsers/SupportingFiles/Info.plist";
				LD_RUNPATH_SEARCH_PATHS = (
					"$(inherited)",
					"@executable_path/Frameworks",
				);
				PRODUCT_BUNDLE_IDENTIFIER = com.example.GithubUsers;
				PRODUCT_NAME = "$(TARGET_NAME)";
				SWIFT_VERSION = 5.0;
				TARGETED_DEVICE_FAMILY = "1,2";
			};
			name = Release;
		};
		433461882645A5370085FDA3 /* Debug */ = {
			isa = XCBuildConfiguration;
			baseConfigurationReference = 3F67EE281A6CBD8FE75A419F /* Pods-GithubUsersTests.debug.xcconfig */;
			buildSettings = {
				ALWAYS_EMBED_SWIFT_STANDARD_LIBRARIES = YES;
				BUNDLE_LOADER = "$(TEST_HOST)";
				CODE_SIGN_STYLE = Automatic;
				INFOPLIST_FILE = GithubUsersTests/Info.plist;
				IPHONEOS_DEPLOYMENT_TARGET = 13.4;
				LD_RUNPATH_SEARCH_PATHS = (
					"$(inherited)",
					"@executable_path/Frameworks",
					"@loader_path/Frameworks",
				);
				PRODUCT_BUNDLE_IDENTIFIER = com.example.GithubUsersTests;
				PRODUCT_NAME = "$(TARGET_NAME)";
				SWIFT_VERSION = 5.0;
				TARGETED_DEVICE_FAMILY = "1,2";
				TEST_HOST = "$(BUILT_PRODUCTS_DIR)/GithubUsers.app/GithubUsers";
			};
			name = Debug;
		};
		433461892645A5370085FDA3 /* Release */ = {
			isa = XCBuildConfiguration;
			baseConfigurationReference = D0C17D14DAA7D1CFEBA5833B /* Pods-GithubUsersTests.release.xcconfig */;
			buildSettings = {
				ALWAYS_EMBED_SWIFT_STANDARD_LIBRARIES = YES;
				BUNDLE_LOADER = "$(TEST_HOST)";
				CODE_SIGN_STYLE = Automatic;
				INFOPLIST_FILE = GithubUsersTests/Info.plist;
				IPHONEOS_DEPLOYMENT_TARGET = 13.4;
				LD_RUNPATH_SEARCH_PATHS = (
					"$(inherited)",
					"@executable_path/Frameworks",
					"@loader_path/Frameworks",
				);
				PRODUCT_BUNDLE_IDENTIFIER = com.example.GithubUsersTests;
				PRODUCT_NAME = "$(TARGET_NAME)";
				SWIFT_VERSION = 5.0;
				TARGETED_DEVICE_FAMILY = "1,2";
				TEST_HOST = "$(BUILT_PRODUCTS_DIR)/GithubUsers.app/GithubUsers";
			};
			name = Release;
		};
		4334618B2645A5370085FDA3 /* Debug */ = {
			isa = XCBuildConfiguration;
			baseConfigurationReference = FF7805DE82438176EA2F7B7C /* Pods-GithubUsers-GithubUsersUITests.debug.xcconfig */;
			buildSettings = {
				ALWAYS_EMBED_SWIFT_STANDARD_LIBRARIES = YES;
				CODE_SIGN_STYLE = Automatic;
				INFOPLIST_FILE = GithubUsersUITests/Info.plist;
				LD_RUNPATH_SEARCH_PATHS = (
					"$(inherited)",
					"@executable_path/Frameworks",
					"@loader_path/Frameworks",
				);
				PRODUCT_BUNDLE_IDENTIFIER = com.example.GithubUsersUITests;
				PRODUCT_NAME = "$(TARGET_NAME)";
				SWIFT_VERSION = 5.0;
				TARGETED_DEVICE_FAMILY = "1,2";
				TEST_TARGET_NAME = GithubUsers;
			};
			name = Debug;
		};
		4334618C2645A5370085FDA3 /* Release */ = {
			isa = XCBuildConfiguration;
			baseConfigurationReference = EAEC99004DE99ED8CB7907CD /* Pods-GithubUsers-GithubUsersUITests.release.xcconfig */;
			buildSettings = {
				ALWAYS_EMBED_SWIFT_STANDARD_LIBRARIES = YES;
				CODE_SIGN_STYLE = Automatic;
				INFOPLIST_FILE = GithubUsersUITests/Info.plist;
				LD_RUNPATH_SEARCH_PATHS = (
					"$(inherited)",
					"@executable_path/Frameworks",
					"@loader_path/Frameworks",
				);
				PRODUCT_BUNDLE_IDENTIFIER = com.example.GithubUsersUITests;
				PRODUCT_NAME = "$(TARGET_NAME)";
				SWIFT_VERSION = 5.0;
				TARGETED_DEVICE_FAMILY = "1,2";
				TEST_TARGET_NAME = GithubUsers;
			};
			name = Release;
		};
/* End XCBuildConfiguration section */

/* Begin XCConfigurationList section */
		433461522645A5330085FDA3 /* Build configuration list for PBXProject "GithubUsers" */ = {
			isa = XCConfigurationList;
			buildConfigurations = (
				433461822645A5370085FDA3 /* Debug */,
				433461832645A5370085FDA3 /* Release */,
			);
			defaultConfigurationIsVisible = 0;
			defaultConfigurationName = Release;
		};
		433461842645A5370085FDA3 /* Build configuration list for PBXNativeTarget "GithubUsers" */ = {
			isa = XCConfigurationList;
			buildConfigurations = (
				433461852645A5370085FDA3 /* Debug */,
				433461862645A5370085FDA3 /* Release */,
			);
			defaultConfigurationIsVisible = 0;
			defaultConfigurationName = Release;
		};
		433461872645A5370085FDA3 /* Build configuration list for PBXNativeTarget "GithubUsersTests" */ = {
			isa = XCConfigurationList;
			buildConfigurations = (
				433461882645A5370085FDA3 /* Debug */,
				433461892645A5370085FDA3 /* Release */,
			);
			defaultConfigurationIsVisible = 0;
			defaultConfigurationName = Release;
		};
		4334618A2645A5370085FDA3 /* Build configuration list for PBXNativeTarget "GithubUsersUITests" */ = {
			isa = XCConfigurationList;
			buildConfigurations = (
				4334618B2645A5370085FDA3 /* Debug */,
				4334618C2645A5370085FDA3 /* Release */,
			);
			defaultConfigurationIsVisible = 0;
			defaultConfigurationName = Release;
		};
/* End XCConfigurationList section */

/* Begin XCVersionGroup section */
		433461632645A5330085FDA3 /* GithubUsers.xcdatamodeld */ = {
			isa = XCVersionGroup;
			children = (
				433461642645A5330085FDA3 /* GithubUsers.xcdatamodel */,
			);
			currentVersion = 433461642645A5330085FDA3 /* GithubUsers.xcdatamodel */;
			path = GithubUsers.xcdatamodeld;
			sourceTree = "<group>";
			versionGroupType = wrapper.xcdatamodel;
		};
/* End XCVersionGroup section */
	};
	rootObject = 4334614F2645A5330085FDA3 /* Project object */;
}
